
Microsoft Visual Studio Solution File, Format Version 12.00
# Visual Studio Version 17
VisualStudioVersion = 17.1.32421.90
MinimumVisualStudioVersion = 10.0.40219.1
Project("{9A19103F-16F7-4668-BE54-9A1E7A4F7556}") = "BlazorServer", "BlazorServer\BlazorServer.csproj", "{59692322-4572-4061-B4E0-C573B887BE4D}"
EndProject
Global
	GlobalSection(SolutionConfigurationPlatforms) = preSolution
		Debug|Any CPU = Debug|Any CPU
		Release|Any CPU = Release|Any CPU
	EndGlobalSection
	GlobalSection(ProjectConfigurationPlatforms) = postSolution
		{59692322-4572-4061-B4E0-C573B887BE4D}.Debug|Any CPU.ActiveCfg = Debug|Any CPU
		{59692322-4572-4061-B4E0-C573B887BE4D}.Debug|Any CPU.Build.0 = Debug|Any CPU
		{59692322-4572-4061-B4E0-C573B887BE4D}.Release|Any CPU.ActiveCfg = Release|Any CPU
		{59692322-4572-4061-B4E0-C573B887BE4D}.Release|Any CPU.Build.0 = Release|Any CPU
	EndGlobalSection
	GlobalSection(SolutionProperties) = preSolution
		HideSolutionNode = FALSE
	EndGlobalSection
	GlobalSection(ExtensibilityGlobals) = postSolution
		SolutionGuid = {BB5EB4FB-D33F-4521-B86D-2A1FA25F985A}
	EndGlobalSection
EndGlobal
